// !$*UTF8*$!
{
	archiveVersion = 1;
	classes = {
	};
	objectVersion = 46;
	objects = {

/* Begin PBXBuildFile section */
		3B0CEC821B69C941007B5318 /* JVLogFormatter.m in Sources */ = {isa = PBXBuildFile; fileRef = 3B0CEC811B69C941007B5318 /* JVLogFormatter.m */; };
		3B0CEC871B69CE49007B5318 /* NewFeaturesViewController.m in Sources */ = {isa = PBXBuildFile; fileRef = 3B0CEC861B69CE49007B5318 /* NewFeaturesViewController.m */; };
		3BF650D61B69C28D002C50E9 /* main.m in Sources */ = {isa = PBXBuildFile; fileRef = 3BF650D51B69C28D002C50E9 /* main.m */; };
		3BF650D91B69C28D002C50E9 /* AppDelegate.m in Sources */ = {isa = PBXBuildFile; fileRef = 3BF650D81B69C28D002C50E9 /* AppDelegate.m */; };
		3BF650DF1B69C28D002C50E9 /* Main.storyboard in Resources */ = {isa = PBXBuildFile; fileRef = 3BF650DD1B69C28D002C50E9 /* Main.storyboard */; };
		3BF650E11B69C28D002C50E9 /* Images.xcassets in Resources */ = {isa = PBXBuildFile; fileRef = 3BF650E01B69C28D002C50E9 /* Images.xcassets */; };
		3BF650E41B69C28D002C50E9 /* LaunchScreen.xib in Resources */ = {isa = PBXBuildFile; fileRef = 3BF650E21B69C28D002C50E9 /* LaunchScreen.xib */; };
		3BF650F01B69C28D002C50E9 /* meetingplace_iosTests.m in Sources */ = {isa = PBXBuildFile; fileRef = 3BF650EF1B69C28D002C50E9 /* meetingplace_iosTests.m */; };
		B917179664948FC542837B1E /* libPods.a in Frameworks */ = {isa = PBXBuildFile; fileRef = 6B7B95C881CCE17B4BFB0838 /* libPods.a */; };
/* End PBXBuildFile section */

/* Begin PBXContainerItemProxy section */
		3BF650EA1B69C28D002C50E9 /* PBXContainerItemProxy */ = {
			isa = PBXContainerItemProxy;
			containerPortal = 3BF650C81B69C28D002C50E9 /* Project object */;
			proxyType = 1;
			remoteGlobalIDString = 3BF650CF1B69C28D002C50E9;
			remoteInfo = "meetingplace-ios";
		};
/* End PBXContainerItemProxy section */

/* Begin PBXFileReference section */
		3B0CEC7F1B69C628007B5318 /* meetingplace-PrefixHeader.pch */ = {isa = PBXFileReference; fileEncoding = 4; lastKnownFileType = sourcecode.c.h; path = "meetingplace-PrefixHeader.pch"; sourceTree = "<group>"; };
		3B0CEC801B69C941007B5318 /* JVLogFormatter.h */ = {isa = PBXFileReference; fileEncoding = 4; lastKnownFileType = sourcecode.c.h; name = JVLogFormatter.h; path = Model/JVLogFormatter.h; sourceTree = "<group>"; };
		3B0CEC811B69C941007B5318 /* JVLogFormatter.m */ = {isa = PBXFileReference; fileEncoding = 4; lastKnownFileType = sourcecode.c.objc; name = JVLogFormatter.m; path = Model/JVLogFormatter.m; sourceTree = "<group>"; };
		3B0CEC851B69CE49007B5318 /* NewFeaturesViewController.h */ = {isa = PBXFileReference; fileEncoding = 4; lastKnownFileType = sourcecode.c.h; name = NewFeaturesViewController.h; path = Controller/NewFeaturesViewController.h; sourceTree = "<group>"; };
		3B0CEC861B69CE49007B5318 /* NewFeaturesViewController.m */ = {isa = PBXFileReference; fileEncoding = 4; lastKnownFileType = sourcecode.c.objc; name = NewFeaturesViewController.m; path = Controller/NewFeaturesViewController.m; sourceTree = "<group>"; };
		3BF650D01B69C28D002C50E9 /* meetingplace-ios.app */ = {isa = PBXFileReference; explicitFileType = wrapper.application; includeInIndex = 0; path = "meetingplace-ios.app"; sourceTree = BUILT_PRODUCTS_DIR; };
		3BF650D41B69C28D002C50E9 /* Info.plist */ = {isa = PBXFileReference; lastKnownFileType = text.plist.xml; path = Info.plist; sourceTree = "<group>"; };
		3BF650D51B69C28D002C50E9 /* main.m */ = {isa = PBXFileReference; lastKnownFileType = sourcecode.c.objc; path = main.m; sourceTree = "<group>"; };
		3BF650D71B69C28D002C50E9 /* AppDelegate.h */ = {isa = PBXFileReference; lastKnownFileType = sourcecode.c.h; path = AppDelegate.h; sourceTree = "<group>"; };
		3BF650D81B69C28D002C50E9 /* AppDelegate.m */ = {isa = PBXFileReference; lastKnownFileType = sourcecode.c.objc; path = AppDelegate.m; sourceTree = "<group>"; };
		3BF650DE1B69C28D002C50E9 /* Base */ = {isa = PBXFileReference; lastKnownFileType = file.storyboard; name = Base; path = Base.lproj/Main.storyboard; sourceTree = "<group>"; };
		3BF650E01B69C28D002C50E9 /* Images.xcassets */ = {isa = PBXFileReference; lastKnownFileType = folder.assetcatalog; path = Images.xcassets; sourceTree = "<group>"; };
		3BF650E31B69C28D002C50E9 /* Base */ = {isa = PBXFileReference; lastKnownFileType = file.xib; name = Base; path = Base.lproj/LaunchScreen.xib; sourceTree = "<group>"; };
		3BF650E91B69C28D002C50E9 /* meetingplace-iosTests.xctest */ = {isa = PBXFileReference; explicitFileType = wrapper.cfbundle; includeInIndex = 0; path = "meetingplace-iosTests.xctest"; sourceTree = BUILT_PRODUCTS_DIR; };
		3BF650EE1B69C28D002C50E9 /* Info.plist */ = {isa = PBXFileReference; lastKnownFileType = text.plist.xml; path = Info.plist; sourceTree = "<group>"; };
		3BF650EF1B69C28D002C50E9 /* meetingplace_iosTests.m */ = {isa = PBXFileReference; lastKnownFileType = sourcecode.c.objc; path = meetingplace_iosTests.m; sourceTree = "<group>"; };
		6B7B95C881CCE17B4BFB0838 /* libPods.a */ = {isa = PBXFileReference; explicitFileType = archive.ar; includeInIndex = 0; path = libPods.a; sourceTree = BUILT_PRODUCTS_DIR; };
		90D553FEDAD58B4A3DECDC76 /* Pods.debug.xcconfig */ = {isa = PBXFileReference; includeInIndex = 1; lastKnownFileType = text.xcconfig; name = Pods.debug.xcconfig; path = "Pods/Target Support Files/Pods/Pods.debug.xcconfig"; sourceTree = "<group>"; };
		D62E6463F07F8AC7058B87BB /* Pods.release.xcconfig */ = {isa = PBXFileReference; includeInIndex = 1; lastKnownFileType = text.xcconfig; name = Pods.release.xcconfig; path = "Pods/Target Support Files/Pods/Pods.release.xcconfig"; sourceTree = "<group>"; };
/* End PBXFileReference section */

/* Begin PBXFrameworksBuildPhase section */
		3BF650CD1B69C28D002C50E9 /* Frameworks */ = {
			isa = PBXFrameworksBuildPhase;
			buildActionMask = 2147483647;
			files = (
				B917179664948FC542837B1E /* libPods.a in Frameworks */,
			);
			runOnlyForDeploymentPostprocessing = 0;
		};
		3BF650E61B69C28D002C50E9 /* Frameworks */ = {
			isa = PBXFrameworksBuildPhase;
			buildActionMask = 2147483647;
			files = (
			);
			runOnlyForDeploymentPostprocessing = 0;
		};
/* End PBXFrameworksBuildPhase section */

/* Begin PBXGroup section */
		3B0CEC831B69C950007B5318 /* Model */ = {
			isa = PBXGroup;
			children = (
				3B0CEC801B69C941007B5318 /* JVLogFormatter.h */,
				3B0CEC811B69C941007B5318 /* JVLogFormatter.m */,
			);
			name = Model;
			sourceTree = "<group>";
		};
		3B0CEC881B69CE54007B5318 /* Controller */ = {
			isa = PBXGroup;
			children = (
				3B0CEC851B69CE49007B5318 /* NewFeaturesViewController.h */,
				3B0CEC861B69CE49007B5318 /* NewFeaturesViewController.m */,
			);
			name = Controller;
			sourceTree = "<group>";
		};
		3BF650C71B69C28D002C50E9 = {
			isa = PBXGroup;
			children = (
				3BF650D21B69C28D002C50E9 /* meetingplace-ios */,
				3BF650EC1B69C28D002C50E9 /* meetingplace-iosTests */,
				3BF650D11B69C28D002C50E9 /* Products */,
				7951358BE53F7F837BAD381C /* Pods */,
				F1536EF06BF2B8FB96450772 /* Frameworks */,
			);
			sourceTree = "<group>";
		};
		3BF650D11B69C28D002C50E9 /* Products */ = {
			isa = PBXGroup;
			children = (
				3BF650D01B69C28D002C50E9 /* meetingplace-ios.app */,
				3BF650E91B69C28D002C50E9 /* meetingplace-iosTests.xctest */,
			);
			name = Products;
			sourceTree = "<group>";
		};
		3BF650D21B69C28D002C50E9 /* meetingplace-ios */ = {
			isa = PBXGroup;
			children = (
				3B0CEC881B69CE54007B5318 /* Controller */,
				3B0CEC831B69C950007B5318 /* Model */,
				3BF650DD1B69C28D002C50E9 /* Main.storyboard */,
				3BF650E01B69C28D002C50E9 /* Images.xcassets */,
				3BF650E21B69C28D002C50E9 /* LaunchScreen.xib */,
				3BF650D31B69C28D002C50E9 /* Supporting Files */,
			);
			path = "meetingplace-ios";
			sourceTree = "<group>";
		};
		3BF650D31B69C28D002C50E9 /* Supporting Files */ = {
			isa = PBXGroup;
			children = (
				3BF650D71B69C28D002C50E9 /* AppDelegate.h */,
				3BF650D81B69C28D002C50E9 /* AppDelegate.m */,
				3BF650D41B69C28D002C50E9 /* Info.plist */,
				3BF650D51B69C28D002C50E9 /* main.m */,
				3B0CEC7F1B69C628007B5318 /* meetingplace-PrefixHeader.pch */,
			);
			name = "Supporting Files";
			sourceTree = "<group>";
		};
		3BF650EC1B69C28D002C50E9 /* meetingplace-iosTests */ = {
			isa = PBXGroup;
			children = (
				3BF650EF1B69C28D002C50E9 /* meetingplace_iosTests.m */,
				3BF650ED1B69C28D002C50E9 /* Supporting Files */,
			);
			path = "meetingplace-iosTests";
			sourceTree = "<group>";
		};
		3BF650ED1B69C28D002C50E9 /* Supporting Files */ = {
			isa = PBXGroup;
			children = (
				3BF650EE1B69C28D002C50E9 /* Info.plist */,
			);
			name = "Supporting Files";
			sourceTree = "<group>";
		};
		7951358BE53F7F837BAD381C /* Pods */ = {
			isa = PBXGroup;
			children = (
				90D553FEDAD58B4A3DECDC76 /* Pods.debug.xcconfig */,
				D62E6463F07F8AC7058B87BB /* Pods.release.xcconfig */,
			);
			name = Pods;
			sourceTree = "<group>";
		};
		F1536EF06BF2B8FB96450772 /* Frameworks */ = {
			isa = PBXGroup;
			children = (
				6B7B95C881CCE17B4BFB0838 /* libPods.a */,
			);
			name = Frameworks;
			sourceTree = "<group>";
		};
/* End PBXGroup section */

/* Begin PBXNativeTarget section */
		3BF650CF1B69C28D002C50E9 /* meetingplace-ios */ = {
			isa = PBXNativeTarget;
			buildConfigurationList = 3BF650F31B69C28D002C50E9 /* Build configuration list for PBXNativeTarget "meetingplace-ios" */;
			buildPhases = (
				BF3C753175206F2C698A2F27 /* Check Pods Manifest.lock */,
				3BF650CC1B69C28D002C50E9 /* Sources */,
				3BF650CD1B69C28D002C50E9 /* Frameworks */,
				3BF650CE1B69C28D002C50E9 /* Resources */,
				F1A060F0A963B2BC1B3C8D8F /* Copy Pods Resources */,
			);
			buildRules = (
			);
			dependencies = (
			);
			name = "meetingplace-ios";
			productName = "meetingplace-ios";
			productReference = 3BF650D01B69C28D002C50E9 /* meetingplace-ios.app */;
			productType = "com.apple.product-type.application";
		};
		3BF650E81B69C28D002C50E9 /* meetingplace-iosTests */ = {
			isa = PBXNativeTarget;
			buildConfigurationList = 3BF650F61B69C28D002C50E9 /* Build configuration list for PBXNativeTarget "meetingplace-iosTests" */;
			buildPhases = (
				3BF650E51B69C28D002C50E9 /* Sources */,
				3BF650E61B69C28D002C50E9 /* Frameworks */,
				3BF650E71B69C28D002C50E9 /* Resources */,
			);
			buildRules = (
			);
			dependencies = (
				3BF650EB1B69C28D002C50E9 /* PBXTargetDependency */,
			);
			name = "meetingplace-iosTests";
			productName = "meetingplace-iosTests";
			productReference = 3BF650E91B69C28D002C50E9 /* meetingplace-iosTests.xctest */;
			productType = "com.apple.product-type.bundle.unit-test";
		};
/* End PBXNativeTarget section */

/* Begin PBXProject section */
		3BF650C81B69C28D002C50E9 /* Project object */ = {
			isa = PBXProject;
			attributes = {
				LastUpgradeCheck = 0640;
				ORGANIZATIONNAME = mirror;
				TargetAttributes = {
					3BF650CF1B69C28D002C50E9 = {
						CreatedOnToolsVersion = 6.4;
					};
					3BF650E81B69C28D002C50E9 = {
						CreatedOnToolsVersion = 6.4;
						TestTargetID = 3BF650CF1B69C28D002C50E9;
					};
				};
			};
			buildConfigurationList = 3BF650CB1B69C28D002C50E9 /* Build configuration list for PBXProject "meetingplace-ios" */;
			compatibilityVersion = "Xcode 3.2";
			developmentRegion = English;
			hasScannedForEncodings = 0;
			knownRegions = (
				en,
				Base,
			);
			mainGroup = 3BF650C71B69C28D002C50E9;
			productRefGroup = 3BF650D11B69C28D002C50E9 /* Products */;
			projectDirPath = "";
			projectRoot = "";
			targets = (
				3BF650CF1B69C28D002C50E9 /* meetingplace-ios */,
				3BF650E81B69C28D002C50E9 /* meetingplace-iosTests */,
			);
		};
/* End PBXProject section */

/* Begin PBXResourcesBuildPhase section */
		3BF650CE1B69C28D002C50E9 /* Resources */ = {
			isa = PBXResourcesBuildPhase;
			buildActionMask = 2147483647;
			files = (
				3BF650DF1B69C28D002C50E9 /* Main.storyboard in Resources */,
				3BF650E41B69C28D002C50E9 /* LaunchScreen.xib in Resources */,
				3BF650E11B69C28D002C50E9 /* Images.xcassets in Resources */,
			);
			runOnlyForDeploymentPostprocessing = 0;
		};
		3BF650E71B69C28D002C50E9 /* Resources */ = {
			isa = PBXResourcesBuildPhase;
			buildActionMask = 2147483647;
			files = (
			);
			runOnlyForDeploymentPostprocessing = 0;
		};
/* End PBXResourcesBuildPhase section */

/* Begin PBXShellScriptBuildPhase section */
		BF3C753175206F2C698A2F27 /* Check Pods Manifest.lock */ = {
			isa = PBXShellScriptBuildPhase;
			buildActionMask = 2147483647;
			files = (
			);
			inputPaths = (
			);
			name = "Check Pods Manifest.lock";
			outputPaths = (
			);
			runOnlyForDeploymentPostprocessing = 0;
			shellPath = /bin/sh;
			shellScript = "diff \"${PODS_ROOT}/../Podfile.lock\" \"${PODS_ROOT}/Manifest.lock\" > /dev/null\nif [[ $? != 0 ]] ; then\n    cat << EOM\nerror: The sandbox is not in sync with the Podfile.lock. Run 'pod install' or update your CocoaPods installation.\nEOM\n    exit 1\nfi\n";
			showEnvVarsInLog = 0;
		};
		F1A060F0A963B2BC1B3C8D8F /* Copy Pods Resources */ = {
			isa = PBXShellScriptBuildPhase;
			buildActionMask = 2147483647;
			files = (
			);
			inputPaths = (
			);
			name = "Copy Pods Resources";
			outputPaths = (
			);
			runOnlyForDeploymentPostprocessing = 0;
			shellPath = /bin/sh;
			shellScript = "\"${SRCROOT}/Pods/Target Support Files/Pods/Pods-resources.sh\"\n";
			showEnvVarsInLog = 0;
		};
/* End PBXShellScriptBuildPhase section */

/* Begin PBXSourcesBuildPhase section */
		3BF650CC1B69C28D002C50E9 /* Sources */ = {
			isa = PBXSourcesBuildPhase;
			buildActionMask = 2147483647;
			files = (
				3B0CEC821B69C941007B5318 /* JVLogFormatter.m in Sources */,
				3BF650D91B69C28D002C50E9 /* AppDelegate.m in Sources */,
				3B0CEC871B69CE49007B5318 /* NewFeaturesViewController.m in Sources */,
				3BF650D61B69C28D002C50E9 /* main.m in Sources */,
			);
			runOnlyForDeploymentPostprocessing = 0;
		};
		3BF650E51B69C28D002C50E9 /* Sources */ = {
			isa = PBXSourcesBuildPhase;
			buildActionMask = 2147483647;
			files = (
				3BF650F01B69C28D002C50E9 /* meetingplace_iosTests.m in Sources */,
			);
			runOnlyForDeploymentPostprocessing = 0;
		};
/* End PBXSourcesBuildPhase section */

/* Begin PBXTargetDependency section */
		3BF650EB1B69C28D002C50E9 /* PBXTargetDependency */ = {
			isa = PBXTargetDependency;
			target = 3BF650CF1B69C28D002C50E9 /* meetingplace-ios */;
			targetProxy = 3BF650EA1B69C28D002C50E9 /* PBXContainerItemProxy */;
		};
/* End PBXTargetDependency section */

/* Begin PBXVariantGroup section */
		3BF650DD1B69C28D002C50E9 /* Main.storyboard */ = {
			isa = PBXVariantGroup;
			children = (
				3BF650DE1B69C28D002C50E9 /* Base */,
			);
			name = Main.storyboard;
			sourceTree = "<group>";
		};
		3BF650E21B69C28D002C50E9 /* LaunchScreen.xib */ = {
			isa = PBXVariantGroup;
			children = (
				3BF650E31B69C28D002C50E9 /* Base */,
			);
			name = LaunchScreen.xib;
			sourceTree = "<group>";
		};
/* End PBXVariantGroup section */

/* Begin XCBuildConfiguration section */
		3BF650F11B69C28D002C50E9 /* Debug */ = {
			isa = XCBuildConfiguration;
			buildSettings = {
				ALWAYS_SEARCH_USER_PATHS = NO;
				CLANG_CXX_LANGUAGE_STANDARD = "gnu++0x";
				CLANG_CXX_LIBRARY = "libc++";
				CLANG_ENABLE_MODULES = YES;
				CLANG_ENABLE_OBJC_ARC = YES;
				CLANG_WARN_BOOL_CONVERSION = YES;
				CLANG_WARN_CONSTANT_CONVERSION = YES;
				CLANG_WARN_DIRECT_OBJC_ISA_USAGE = YES_ERROR;
				CLANG_WARN_EMPTY_BODY = YES;
				CLANG_WARN_ENUM_CONVERSION = YES;
				CLANG_WARN_INT_CONVERSION = YES;
				CLANG_WARN_OBJC_ROOT_CLASS = YES_ERROR;
				CLANG_WARN_UNREACHABLE_CODE = YES;
				CLANG_WARN__DUPLICATE_METHOD_MATCH = YES;
				"CODE_SIGN_IDENTITY[sdk=iphoneos*]" = "iPhone Developer";
				COPY_PHASE_STRIP = NO;
				DEBUG_INFORMATION_FORMAT = "dwarf-with-dsym";
				ENABLE_STRICT_OBJC_MSGSEND = YES;
				GCC_C_LANGUAGE_STANDARD = gnu99;
				GCC_DYNAMIC_NO_PIC = NO;
				GCC_NO_COMMON_BLOCKS = YES;
				GCC_OPTIMIZATION_LEVEL = 0;
				GCC_PREPROCESSOR_DEFINITIONS = (
					"DEBUG=1",
					"$(inherited)",
				);
				GCC_SYMBOLS_PRIVATE_EXTERN = NO;
				GCC_WARN_64_TO_32_BIT_CONVERSION = YES;
				GCC_WARN_ABOUT_RETURN_TYPE = YES_ERROR;
				GCC_WARN_UNDECLARED_SELECTOR = YES;
				GCC_WARN_UNINITIALIZED_AUTOS = YES_AGGRESSIVE;
				GCC_WARN_UNUSED_FUNCTION = YES;
				GCC_WARN_UNUSED_VARIABLE = YES;
				IPHONEOS_DEPLOYMENT_TARGET = 8.4;
				MTL_ENABLE_DEBUG_INFO = YES;
				ONLY_ACTIVE_ARCH = YES;
				SDKROOT = iphoneos;
			};
			name = Debug;
		};
		3BF650F21B69C28D002C50E9 /* Release */ = {
			isa = XCBuildConfiguration;
			buildSettings = {
				ALWAYS_SEARCH_USER_PATHS = NO;
				CLANG_CXX_LANGUAGE_STANDARD = "gnu++0x";
				CLANG_CXX_LIBRARY = "libc++";
				CLANG_ENABLE_MODULES = YES;
				CLANG_ENABLE_OBJC_ARC = YES;
				CLANG_WARN_BOOL_CONVERSION = YES;
				CLANG_WARN_CONSTANT_CONVERSION = YES;
				CLANG_WARN_DIRECT_OBJC_ISA_USAGE = YES_ERROR;
				CLANG_WARN_EMPTY_BODY = YES;
				CLANG_WARN_ENUM_CONVERSION = YES;
				CLANG_WARN_INT_CONVERSION = YES;
				CLANG_WARN_OBJC_ROOT_CLASS = YES_ERROR;
				CLANG_WARN_UNREACHABLE_CODE = YES;
				CLANG_WARN__DUPLICATE_METHOD_MATCH = YES;
				"CODE_SIGN_IDENTITY[sdk=iphoneos*]" = "iPhone Developer";
				COPY_PHASE_STRIP = NO;
				DEBUG_INFORMATION_FORMAT = "dwarf-with-dsym";
				ENABLE_NS_ASSERTIONS = NO;
				ENABLE_STRICT_OBJC_MSGSEND = YES;
				GCC_C_LANGUAGE_STANDARD = gnu99;
				GCC_NO_COMMON_BLOCKS = YES;
				GCC_WARN_64_TO_32_BIT_CONVERSION = YES;
				GCC_WARN_ABOUT_RETURN_TYPE = YES_ERROR;
				GCC_WARN_UNDECLARED_SELECTOR = YES;
				GCC_WARN_UNINITIALIZED_AUTOS = YES_AGGRESSIVE;
				GCC_WARN_UNUSED_FUNCTION = YES;
				GCC_WARN_UNUSED_VARIABLE = YES;
				IPHONEOS_DEPLOYMENT_TARGET = 8.4;
				MTL_ENABLE_DEBUG_INFO = NO;
				SDKROOT = iphoneos;
				VALIDATE_PRODUCT = YES;
			};
			name = Release;
		};
		3BF650F41B69C28D002C50E9 /* Debug */ = {
			isa = XCBuildConfiguration;
			baseConfigurationReference = 90D553FEDAD58B4A3DECDC76 /* Pods.debug.xcconfig */;
			buildSettings = {
				ASSETCATALOG_COMPILER_APPICON_NAME = AppIcon;
				GCC_PREFIX_HEADER = "$(SRCROOT)/meetingplace-ios/meetingplace-PrefixHeader.pch";
				INFOPLIST_FILE = "meetingplace-ios/Info.plist";
				LD_RUNPATH_SEARCH_PATHS = "$(inherited) @executable_path/Frameworks";
				PRODUCT_NAME = "$(TARGET_NAME)";
			};
			name = Debug;
		};
		3BF650F51B69C28D002C50E9 /* Release */ = {
			isa = XCBuildConfiguration;
			baseConfigurationReference = D62E6463F07F8AC7058B87BB /* Pods.release.xcconfig */;
			buildSettings = {
				ASSETCATALOG_COMPILER_APPICON_NAME = AppIcon;
				GCC_PREFIX_HEADER = "$(SRCROOT)/meetingplace-ios/meetingplace-PrefixHeader.pch";
				INFOPLIST_FILE = "meetingplace-ios/Info.plist";
				LD_RUNPATH_SEARCH_PATHS = "$(inherited) @executable_path/Frameworks";
				PRODUCT_NAME = "$(TARGET_NAME)";
			};
			name = Release;
		};
		3BF650F71B69C28D002C50E9 /* Debug */ = {
			isa = XCBuildConfiguration;
			buildSettings = {
				BUNDLE_LOADER = "$(TEST_HOST)";
				FRAMEWORK_SEARCH_PATHS = (
					"$(SDKROOT)/Developer/Library/Frameworks",
					"$(inherited)",
				);
				GCC_PREPROCESSOR_DEFINITIONS = (
					"DEBUG=1",
					"$(inherited)",
				);
				INFOPLIST_FILE = "meetingplace-iosTests/Info.plist";
				LD_RUNPATH_SEARCH_PATHS = "$(inherited) @executable_path/Frameworks @loader_path/Frameworks";
				PRODUCT_NAME = "$(TARGET_NAME)";
				TEST_HOST = "$(BUILT_PRODUCTS_DIR)/meetingplace-ios.app/meetingplace-ios";
			};
			name = Debug;
		};
		3BF650F81B69C28D002C50E9 /* Release */ = {
			isa = XCBuildConfiguration;
			buildSettings = {
				BUNDLE_LOADER = "$(TEST_HOST)";
				FRAMEWORK_SEARCH_PATHS = (
					"$(SDKROOT)/Developer/Library/Frameworks",
					"$(inherited)",
				);
				INFOPLIST_FILE = "meetingplace-iosTests/Info.plist";
				LD_RUNPATH_SEARCH_PATHS = "$(inherited) @executable_path/Frameworks @loader_path/Frameworks";
				PRODUCT_NAME = "$(TARGET_NAME)";
				TEST_HOST = "$(BUILT_PRODUCTS_DIR)/meetingplace-ios.app/meetingplace-ios";
			};
			name = Release;
		};
/* End XCBuildConfiguration section */

/* Begin XCConfigurationList section */
		3BF650CB1B69C28D002C50E9 /* Build configuration list for PBXProject "meetingplace-ios" */ = {
			isa = XCConfigurationList;
			buildConfigurations = (
				3BF650F11B69C28D002C50E9 /* Debug */,
				3BF650F21B69C28D002C50E9 /* Release */,
			);
			defaultConfigurationIsVisible = 0;
			defaultConfigurationName = Release;
		};
		3BF650F31B69C28D002C50E9 /* Build configuration list for PBXNativeTarget "meetingplace-ios" */ = {
			isa = XCConfigurationList;
			buildConfigurations = (
				3BF650F41B69C28D002C50E9 /* Debug */,
				3BF650F51B69C28D002C50E9 /* Release */,
			);
			defaultConfigurationIsVisible = 0;
			defaultConfigurationName = Release;
		};
		3BF650F61B69C28D002C50E9 /* Build configuration list for PBXNativeTarget "meetingplace-iosTests" */ = {
			isa = XCConfigurationList;
			buildConfigurations = (
				3BF650F71B69C28D002C50E9 /* Debug */,
				3BF650F81B69C28D002C50E9 /* Release */,
			);
			defaultConfigurationIsVisible = 0;
			defaultConfigurationName = Release;
		};
/* End XCConfigurationList section */
	};
	rootObject = 3BF650C81B69C28D002C50E9 /* Project object */;
}
